{
  "name": "@audio/encode",
  "version": "1.6.0",
  "lockfileVersion": 3,
  "requires": true,
  "packages": {
    "": {
      "name": "@audio/encode",
      "version": "1.6.0",
      "license": "MIT",
      "workspaces": [
        "packages/*"
      ],
      "dependencies": {
        "@audio/encode-aac": "^1.0.0",
        "@audio/encode-aiff": "^1.1.0",
        "@audio/encode-caf": "^1.0.0",
        "@audio/encode-flac": "^1.1.0",
        "@audio/encode-mp3": "^1.1.0",
        "@audio/encode-ogg": "^1.1.0",
        "@audio/encode-opus": "^1.1.0",
        "@audio/encode-qoa": "^1.0.0",
        "@audio/encode-wav": "^1.2.0",
        "@audio/encode-webm": "^1.0.0"
      },
      "devDependencies": {
        "audio-buffer": "^7.3.0",
        "audio-decode": "^4.0.0",
        "audio-lena": "^3.0.0",
        "esbuild": "^0.28.0",
        "tst": "^9.2.2"
      },
      "engines": {
        "node": ">=18"
      }
    },
    "node_modules/@audio/encode-aac": {
      "resolved": "packages/encode-aac",
      "link": true
    },
    "node_modules/@audio/encode-aiff": {
      "resolved": "packages/encode-aiff",
      "link": true
    },
    "node_modules/@audio/encode-caf": {
      "resolved": "packages/encode-caf",
      "link": true
    },
    "node_modules/@audio/encode-flac": {
      "resolved": "packages/encode-flac",
      "link": true
    },
    "node_modules/@audio/encode-mp3": {
      "resolved": "packages/encode-mp3",
      "link": true
    },
    "node_modules/@audio/encode-ogg": {
      "resolved": "packages/encode-ogg",
      "link": true
    },
    "node_modules/@audio/encode-opus": {
      "resolved": "packages/encode-opus",
      "link": true
    },
    "node_modules/@audio/encode-qoa": {
      "resolved": "packages/encode-qoa",
      "link": true
    },
    "node_modules/@audio/encode-wav": {
      "resolved": "packages/encode-wav",
      "link": true
    },
    "node_modules/@audio/encode-webm": {
      "resolved": "packages/encode-webm",
      "link": true
    },
    "node_modules/@esbuild/aix-ppc64": {
      "version": "0.28.0",
      "resolved": "https://registry.npmjs.org/@esbuild/aix-ppc64/-/aix-ppc64-0.28.0.tgz",
      "integrity": "sha512-lhRUCeuOyJQURhTxl4WkpFTjIsbDayJHih5kZC1giwE+MhIzAb7mEsQMqMf18rHLsrb5qI1tafG20mLxEWcWlA==",
      "cpu": [
        "ppc64"
      ],
      "dev": true,
      "license": "MIT",
      "optional": true,
      "os": [
        "aix"
      ],
      "engines": {
        "node": ">=18"
      }
    },
    "node_modules/@esbuild/android-arm": {
      "version": "0.28.0",
      "resolved": "https://registry.npmjs.org/@esbuild/android-arm/-/android-arm-0.28.0.tgz",
      "integrity": "sha512-wqh0ByljabXLKHeWXYLqoJ5jKC4XBaw6Hk08OfMrCRd2nP2ZQ5eleDZC41XHyCNgktBGYMbqnrJKq/K/lzPMSQ==",
      "cpu": [
        "arm"
      ],
      "dev": true,
      "license": "MIT",
      "optional": true,
      "os": [
        "android"
      ],
      "engines": {
        "node": ">=18"
      }
    },
    "node_modules/@esbuild/android-arm64": {
      "version": "0.28.0",
      "resolved": "https://registry.npmjs.org/@esbuild/android-arm64/-/android-arm64-0.28.0.tgz",
      "integrity": "sha512-+WzIXQOSaGs33tLEgYPYe/yQHf0WTU0X42Jca3y8NWMbUVhp7rUnw+vAsRC/QiDrdD31IszMrZy+qwPOPjd+rw==",
      "cpu": [
        "arm64"
      ],
      "dev": true,
      "license": "MIT",
      "optional": true,
      "os": [
        "android"
      ],
      "engines": {
        "node": ">=18"
      }
    },
    "node_modules/@esbuild/android-x64": {
      "version": "0.28.0",
      "resolved": "https://registry.npmjs.org/@esbuild/android-x64/-/android-x64-0.28.0.tgz",
      "integrity": "sha512-+VJggoaKhk2VNNqVL7f6S189UzShHC/mR9EE8rDdSkdpN0KflSwWY/gWjDrNxxisg8Fp1ZCD9jLMo4m0OUfeUA==",
      "cpu": [
        "x64"
      ],
      "dev": true,
      "license": "MIT",
      "optional": true,
      "os": [
        "android"
      ],
      "engines": {
        "node": ">=18"
      }
    },
    "node_modules/@esbuild/darwin-arm64": {
      "version": "0.28.0",
      "resolved": "https://registry.npmjs.org/@esbuild/darwin-arm64/-/darwin-arm64-0.28.0.tgz",
      "integrity": "sha512-0T+A9WZm+bZ84nZBtk1ckYsOvyA3x7e2Acj1KdVfV4/2tdG4fzUp91YHx+GArWLtwqp77pBXVCPn2We7Letr0Q==",
      "cpu": [
        "arm64"
      ],
      "dev": true,
      "license": "MIT",
      "optional": true,
      "os": [
        "darwin"
      ],
      "engines": {
        "node": ">=18"
      }
    },
    "node_modules/@esbuild/darwin-x64": {
      "version": "0.28.0",
      "resolved": "https://registry.npmjs.org/@esbuild/darwin-x64/-/darwin-x64-0.28.0.tgz",
      "integrity": "sha512-fyzLm/DLDl/84OCfp2f/XQ4flmORsjU7VKt8HLjvIXChJoFFOIL6pLJPH4Yhd1n1gGFF9mPwtlN5Wf82DZs+LQ==",
      "cpu": [
        "x64"
      ],
      "dev": true,
      "license": "MIT",
      "optional": true,
      "os": [
        "darwin"
      ],
      "engines": {
        "node": ">=18"
      }
    },
    "node_modules/@esbuild/freebsd-arm64": {
      "version": "0.28.0",
      "resolved": "https://registry.npmjs.org/@esbuild/freebsd-arm64/-/freebsd-arm64-0.28.0.tgz",
      "integrity": "sha512-l9GeW5UZBT9k9brBYI+0WDffcRxgHQD8ShN2Ur4xWq/NFzUKm3k5lsH4PdaRgb2w7mI9u61nr2gI2mLI27Nh3Q==",
      "cpu": [
        "arm64"
      ],
      "dev": true,
      "license": "MIT",
      "optional": true,
      "os": [
        "freebsd"
      ],
      "engines": {
        "node": ">=18"
      }
    },
    "node_modules/@esbuild/freebsd-x64": {
      "version": "0.28.0",
      "resolved": "https://registry.npmjs.org/@esbuild/freebsd-x64/-/freebsd-x64-0.28.0.tgz",
      "integrity": "sha512-BXoQai/A0wPO6Es3yFJ7APCiKGc1tdAEOgeTNy3SsB491S3aHn4S4r3e976eUnPdU+NbdtmBuLncYir2tMU9Nw==",
      "cpu": [
        "x64"
      ],
      "dev": true,
      "license": "MIT",
      "optional": true,
      "os": [
        "freebsd"
      ],
      "engines": {
        "node": ">=18"
      }
    },
    "node_modules/@esbuild/linux-arm": {
      "version": "0.28.0",
      "resolved": "https://registry.npmjs.org/@esbuild/linux-arm/-/linux-arm-0.28.0.tgz",
      "integrity": "sha512-CjaaREJagqJp7iTaNQjjidaNbCKYcd4IDkzbwwxtSvjI7NZm79qiHc8HqciMddQ6CKvJT6aBd8lO9kN/ZudLlw==",
      "cpu": [
        "arm"
      ],
      "dev": true,
      "license": "MIT",
      "optional": true,
      "os": [
        "linux"
      ],
      "engines": {
        "node": ">=18"
      }
    },
    "node_modules/@esbuild/linux-arm64": {
      "version": "0.28.0",
      "resolved": "https://registry.npmjs.org/@esbuild/linux-arm64/-/linux-arm64-0.28.0.tgz",
      "integrity": "sha512-RVyzfb3FWsGA55n6WY0MEIEPURL1FcbhFE6BffZEMEekfCzCIMtB5yyDcFnVbTnwk+CLAgTujmV/Lgvih56W+A==",
      "cpu": [
        "arm64"
      ],
      "dev": true,
      "license": "MIT",
      "optional": true,
      "os": [
        "linux"
      ],
      "engines": {
        "node": ">=18"
      }
    },
    "node_modules/@esbuild/linux-ia32": {
      "version": "0.28.0",
      "resolved": "https://registry.npmjs.org/@esbuild/linux-ia32/-/linux-ia32-0.28.0.tgz",
      "integrity": "sha512-KBnSTt1kxl9x70q+ydterVdl+Cn0H18ngRMRCEQfrbqdUuntQQ0LoMZv47uB97NljZFzY6HcfqEZ2SAyIUTQBQ==",
      "cpu": [
        "ia32"
      ],
      "dev": true,
      "license": "MIT",
      "optional": true,
      "os": [
        "linux"
      ],
      "engines": {
        "node": ">=18"
      }
    },
    "node_modules/@esbuild/linux-loong64": {
      "version": "0.28.0",
      "resolved": "https://registry.npmjs.org/@esbuild/linux-loong64/-/linux-loong64-0.28.0.tgz",
      "integrity": "sha512-zpSlUce1mnxzgBADvxKXX5sl8aYQHo2ezvMNI8I0lbblJtp8V4odlm3Yzlj7gPyt3T8ReksE6bK+pT3WD+aJRg==",
      "cpu": [
        "loong64"
      ],
      "dev": true,
      "license": "MIT",
      "optional": true,
      "os": [
        "linux"
      ],
      "engines": {
        "node": ">=18"
      }
    },
    "node_modules/@esbuild/linux-mips64el": {
      "version": "0.28.0",
      "resolved": "https://registry.npmjs.org/@esbuild/linux-mips64el/-/linux-mips64el-0.28.0.tgz",
      "integrity": "sha512-2jIfP6mmjkdmeTlsX/9vmdmhBmKADrWqN7zcdtHIeNSCH1SqIoNI63cYsjQR8J+wGa4Y5izRcSHSm8K3QWmk3w==",
      "cpu": [
        "mips64el"
      ],
      "dev": true,
      "license": "MIT",
      "optional": true,
      "os": [
        "linux"
      ],
      "engines": {
        "node": ">=18"
      }
    },
    "node_modules/@esbuild/linux-ppc64": {
      "version": "0.28.0",
      "resolved": "https://registry.npmjs.org/@esbuild/linux-ppc64/-/linux-ppc64-0.28.0.tgz",
      "integrity": "sha512-bc0FE9wWeC0WBm49IQMPSPILRocGTQt3j5KPCA8os6VprfuJ7KD+5PzESSrJ6GmPIPJK965ZJHTUlSA6GNYEhg==",
      "cpu": [
        "ppc64"
      ],
      "dev": true,
      "license": "MIT",
      "optional": true,
      "os": [
        "linux"
      ],
      "engines": {
        "node": ">=18"
      }
    },
    "node_modules/@esbuild/linux-riscv64": {
      "version": "0.28.0",
      "resolved": "https://registry.npmjs.org/@esbuild/linux-riscv64/-/linux-riscv64-0.28.0.tgz",
      "integrity": "sha512-SQPZOwoTTT/HXFXQJG/vBX8sOFagGqvZyXcgLA3NhIqcBv1BJU1d46c0rGcrij2B56Z2rNiSLaZOYW5cUk7yLQ==",
      "cpu": [
        "riscv64"
      ],
      "dev": true,
      "license": "MIT",
      "optional": true,
      "os": [
        "linux"
      ],
      "engines": {
        "node": ">=18"
      }
    },
    "node_modules/@esbuild/linux-s390x": {
      "version": "0.28.0",
      "resolved": "https://registry.npmjs.org/@esbuild/linux-s390x/-/linux-s390x-0.28.0.tgz",
      "integrity": "sha512-SCfR0HN8CEEjnYnySJTd2cw0k9OHB/YFzt5zgJEwa+wL/T/raGWYMBqwDNAC6dqFKmJYZoQBRfHjgwLHGSrn3Q==",
      "cpu": [
        "s390x"
      ],
      "dev": true,
      "license": "MIT",
      "optional": true,
      "os": [
        "linux"
      ],
      "engines": {
        "node": ">=18"
      }
    },
    "node_modules/@esbuild/linux-x64": {
      "version": "0.28.0",
      "resolved": "https://registry.npmjs.org/@esbuild/linux-x64/-/linux-x64-0.28.0.tgz",
      "integrity": "sha512-us0dSb9iFxIi8srnpl931Nvs65it/Jd2a2K3qs7fz2WfGPHqzfzZTfec7oxZJRNPXPnNYZtanmRc4AL/JwVzHQ==",
      "cpu": [
        "x64"
      ],
      "dev": true,
      "license": "MIT",
      "optional": true,
      "os": [
        "linux"
      ],
      "engines": {
        "node": ">=18"
      }
    },
    "node_modules/@esbuild/netbsd-arm64": {
      "version": "0.28.0",
      "resolved": "https://registry.npmjs.org/@esbuild/netbsd-arm64/-/netbsd-arm64-0.28.0.tgz",
      "integrity": "sha512-CR/RYotgtCKwtftMwJlUU7xCVNg3lMYZ0RzTmAHSfLCXw3NtZtNpswLEj/Kkf6kEL3Gw+BpOekRX0BYCtklhUw==",
      "cpu": [
        "arm64"
      ],
      "dev": true,
      "license": "MIT",
      "optional": true,
      "os": [
        "netbsd"
      ],
      "engines": {
        "node": ">=18"
      }
    },
    "node_modules/@esbuild/netbsd-x64": {
      "version": "0.28.0",
      "resolved": "https://registry.npmjs.org/@esbuild/netbsd-x64/-/netbsd-x64-0.28.0.tgz",
      "integrity": "sha512-nU1yhmYutL+fQ71Kxnhg8uEOdC0pwEW9entHykTgEbna2pw2dkbFSMeqjjyHZoCmt8SBkOSvV+yNmm94aUrrqw==",
      "cpu": [
        "x64"
      ],
      "dev": true,
      "license": "MIT",
      "optional": true,
      "os": [
        "netbsd"
      ],
      "engines": {
        "node": ">=18"
      }
    },
    "node_modules/@esbuild/openbsd-arm64": {
      "version": "0.28.0",
      "resolved": "https://registry.npmjs.org/@esbuild/openbsd-arm64/-/openbsd-arm64-0.28.0.tgz",
      "integrity": "sha512-cXb5vApOsRsxsEl4mcZ1XY3D4DzcoMxR/nnc4IyqYs0rTI8ZKmW6kyyg+11Z8yvgMfAEldKzP7AdP64HnSC/6g==",
      "cpu": [
        "arm64"
      ],
      "dev": true,
      "license": "MIT",
      "optional": true,
      "os": [
        "openbsd"
      ],
      "engines": {
        "node": ">=18"
      }
    },
    "node_modules/@esbuild/openbsd-x64": {
      "version": "0.28.0",
      "resolved": "https://registry.npmjs.org/@esbuild/openbsd-x64/-/openbsd-x64-0.28.0.tgz",
      "integrity": "sha512-8wZM2qqtv9UP3mzy7HiGYNH/zjTA355mpeuA+859TyR+e+Tc08IHYpLJuMsfpDJwoLo1ikIJI8jC3GFjnRClzA==",
      "cpu": [
        "x64"
      ],
      "dev": true,
      "license": "MIT",
      "optional": true,
      "os": [
        "openbsd"
      ],
      "engines": {
        "node": ">=18"
      }
    },
    "node_modules/@esbuild/openharmony-arm64": {
      "version": "0.28.0",
      "resolved": "https://registry.npmjs.org/@esbuild/openharmony-arm64/-/openharmony-arm64-0.28.0.tgz",
      "integrity": "sha512-FLGfyizszcef5C3YtoyQDACyg95+dndv79i2EekILBofh5wpCa1KuBqOWKrEHZg3zrL3t5ouE5jgr94vA+Wb2w==",
      "cpu": [
        "arm64"
      ],
      "dev": true,
      "license": "MIT",
      "optional": true,
      "os": [
        "openharmony"
      ],
      "engines": {
        "node": ">=18"
      }
    },
    "node_modules/@esbuild/sunos-x64": {
      "version": "0.28.0",
      "resolved": "https://registry.npmjs.org/@esbuild/sunos-x64/-/sunos-x64-0.28.0.tgz",
      "integrity": "sha512-1ZgjUoEdHZZl/YlV76TSCz9Hqj9h9YmMGAgAPYd+q4SicWNX3G5GCyx9uhQWSLcbvPW8Ni7lj4gDa1T40akdlw==",
      "cpu": [
        "x64"
      ],
      "dev": true,
      "license": "MIT",
      "optional": true,
      "os": [
        "sunos"
      ],
      "engines": {
        "node": ">=18"
      }
    },
    "node_modules/@esbuild/win32-arm64": {
      "version": "0.28.0",
      "resolved": "https://registry.npmjs.org/@esbuild/win32-arm64/-/win32-arm64-0.28.0.tgz",
      "integrity": "sha512-Q9StnDmQ/enxnpxCCLSg0oo4+34B9TdXpuyPeTedN/6+iXBJ4J+zwfQI28u/Jl40nOYAxGoNi7mFP40RUtkmUA==",
      "cpu": [
        "arm64"
      ],
      "dev": true,
      "license": "MIT",
      "optional": true,
      "os": [
        "win32"
      ],
      "engines": {
        "node": ">=18"
      }
    },
    "node_modules/@esbuild/win32-ia32": {
      "version": "0.28.0",
      "resolved": "https://registry.npmjs.org/@esbuild/win32-ia32/-/win32-ia32-0.28.0.tgz",
      "integrity": "sha512-zF3ag/gfiCe6U2iczcRzSYJKH1DCI+ByzSENHlM2FcDbEeo5Zd2C86Aq0tKUYAJJ1obRP84ymxIAksZUcdztHA==",
      "cpu": [
        "ia32"
      ],
      "dev": true,
      "license": "MIT",
      "optional": true,
      "os": [
        "win32"
      ],
      "engines": {
        "node": ">=18"
      }
    },
    "node_modules/@esbuild/win32-x64": {
      "version": "0.28.0",
      "resolved": "https://registry.npmjs.org/@esbuild/win32-x64/-/win32-x64-0.28.0.tgz",
      "integrity": "sha512-pEl1bO9mfAmIC+tW5btTmrKaujg3zGtUmWNdCw/xs70FBjwAL3o9OEKNHvNmnyylD6ubxUERiEhdsL0xBQ9efw==",
      "cpu": [
        "x64"
      ],
      "dev": true,
      "license": "MIT",
      "optional": true,
      "os": [
        "win32"
      ],
      "engines": {
        "node": ">=18"
      }
    },
    "node_modules/@eshaz/web-worker": {
      "version": "1.2.2",
      "resolved": "https://registry.npmjs.org/@eshaz/web-worker/-/web-worker-1.2.2.tgz",
      "integrity": "sha512-WxXiHFmD9u/owrzempiDlBB1ZYqiLnm9s6aPc8AlFQalq2tKmqdmMr9GXOupDgzXtqnBipj8Un0gkIm7Sjf8mw==",
      "dev": true,
      "license": "Apache-2.0"
    },
    "node_modules/@swc/helpers": {
      "version": "0.5.19",
      "resolved": "https://registry.npmjs.org/@swc/helpers/-/helpers-0.5.19.tgz",
      "integrity": "sha512-QamiFeIK3txNjgUTNppE6MiG3p7TdninpZu0E0PbqVh1a9FNLT2FRhisaa4NcaX52XVhA5l7Pk58Ft7Sqi/2sA==",
      "license": "Apache-2.0",
      "dependencies": {
        "tslib": "^2.8.0"
      }
    },
    "node_modules/@thi.ng/bitstream": {
      "version": "2.4.44",
      "resolved": "https://registry.npmjs.org/@thi.ng/bitstream/-/bitstream-2.4.44.tgz",
      "integrity": "sha512-SN5GtdycUC8J9kRn4+GAcAJ93F9vKtaiI/SjpOyLl911bWNlF8gANFFCdgBkzbF2DHcpKflHxrVVfrYB6aCdsw==",
      "funding": [
        {
          "type": "github",
          "url": "https://github.com/sponsors/postspectacular"
        },
        {
          "type": "patreon",
          "url": "https://patreon.com/thing_umbrella"
        },
        {
          "type": "liberapay",
          "url": "https://liberapay.com/thi.ng"
        }
      ],
      "license": "Apache-2.0",
      "dependencies": {
        "@thi.ng/errors": "^2.6.6"
      },
      "engines": {
        "node": ">=18"
      }
    },
    "node_modules/@thi.ng/errors": {
      "version": "2.6.6",
      "resolved": "https://registry.npmjs.org/@thi.ng/errors/-/errors-2.6.6.tgz",
      "integrity": "sha512-da0slIGmueCf4T0b+xT4TMVUQjHGFTJpul5TAVvPUl7Xn5Noe13Uq6Ag4D5ZCcDwwe2iJ8iHaTuYSJaFZ9f8Mg==",
      "funding": [
        {
          "type": "github",
          "url": "https://github.com/sponsors/postspectacular"
        },
        {
          "type": "patreon",
          "url": "https://patreon.com/thing_umbrella"
        },
        {
          "type": "liberapay",
          "url": "https://liberapay.com/thi.ng"
        }
      ],
      "license": "Apache-2.0",
      "engines": {
        "node": ">=18"
      }
    },
    "node_modules/@wasm-audio-decoders/common": {
      "version": "9.0.7",
      "resolved": "https://registry.npmjs.org/@wasm-audio-decoders/common/-/common-9.0.7.tgz",
      "integrity": "sha512-WRaUuWSKV7pkttBygml/a6dIEpatq2nnZGFIoPTc5yPLkxL6Wk4YaslPM98OPQvWacvNZ+Py9xROGDtrFBDzag==",
      "dev": true,
      "license": "MIT",
      "dependencies": {
        "@eshaz/web-worker": "1.2.2",
        "simple-yenc": "^1.0.4"
      }
    },
    "node_modules/@wasm-audio-decoders/flac": {
      "version": "0.2.10",
      "resolved": "https://registry.npmjs.org/@wasm-audio-decoders/flac/-/flac-0.2.10.tgz",
      "integrity": "sha512-YfcyoD2rYRBa6ffawZKNi5qvV5HArJmNmuMVUPoutuZ2hhGi6WNSWIzgvbROGmPbFivLL764Am7xxJENWJDhjw==",
      "dev": true,
      "license": "MIT",
      "dependencies": {
        "@wasm-audio-decoders/common": "9.0.7",
        "codec-parser": "2.5.0"
      },
      "funding": {
        "type": "individual",
        "url": "https://github.com/sponsors/eshaz"
      }
    },
    "node_modules/@wasm-audio-decoders/ogg-vorbis": {
      "version": "0.1.20",
      "resolved": "https://registry.npmjs.org/@wasm-audio-decoders/ogg-vorbis/-/ogg-vorbis-0.1.20.tgz",
      "integrity": "sha512-zaQPasU5usRjUDXtXOHYED5tfkR4QMXd+EH3Nrz1+4+M5pCsdD+s9YxJqb0oqnTyRu/KUujOmu5Z/m/NT47vwg==",
      "dev": true,
      "license": "MIT",
      "dependencies": {
        "@wasm-audio-decoders/common": "9.0.7",
        "codec-parser": "2.5.0"
      },
      "funding": {
        "type": "individual",
        "url": "https://github.com/sponsors/eshaz"
      }
    },
    "node_modules/@wasm-audio-decoders/opus-ml": {
      "version": "0.0.2",
      "resolved": "https://registry.npmjs.org/@wasm-audio-decoders/opus-ml/-/opus-ml-0.0.2.tgz",
      "integrity": "sha512-58rWEqDGg+CKCyEeKm2KoxxSwTWtHh/NLTW9ObR4K8CGF6VwuuGudEI1CtniS/oSRmL1nJq/eh8MKARiluw4DQ==",
      "dev": true,
      "license": "MIT",
      "dependencies": {
        "@wasm-audio-decoders/common": "9.0.7"
      },
      "funding": {
        "type": "individual",
        "url": "https://github.com/sponsors/eshaz"
      }
    },
    "node_modules/aac-decode": {
      "version": "1.0.1",
      "resolved": "https://registry.npmjs.org/aac-decode/-/aac-decode-1.0.1.tgz",
      "integrity": "sha512-9r2b9c80bJxNpWlIJRpUxzm/mhAJX4cbgjYc5esLDgyS3CJi+qVvoCj7dWeUN0FNDspnLx/+m4z4Ep24/XeaIg==",
      "deprecated": "Moved to @audio/aac-decode",
      "dev": true,
      "license": "GPL-2.0",
      "engines": {
        "node": ">=16"
      }
    },
    "node_modules/audio-buffer": {
      "version": "7.3.0",
      "resolved": "https://registry.npmjs.org/audio-buffer/-/audio-buffer-7.3.0.tgz",
      "integrity": "sha512-e+7l0rz9Cu4TagCa/OclQmAqckiqxkNTAFeEIHC+nNborwweTpkxrxKVCBCiUsljoh8lXPnYpZeGVbxh8dHRJg==",
      "dev": true,
      "license": "MIT"
    },
    "node_modules/audio-decode": {
      "version": "4.0.0",
      "resolved": "https://registry.npmjs.org/audio-decode/-/audio-decode-4.0.0.tgz",
      "integrity": "sha512-h1RRj9O+ppuXxD4p/hgwTBio+V0FlM4x1q9VXFmUTz9gKYbcKVdCQ0bsO6yN0+Pw5x54y9XUeMrsvZzndcq/ew==",
      "deprecated": "accidental publish, use 3.0.0",
      "dev": true,
      "license": "MIT",
      "dependencies": {
        "@wasm-audio-decoders/flac": "^0.2.10",
        "@wasm-audio-decoders/ogg-vorbis": "^0.1.20",
        "aac-decode": "^1.0.0",
        "audio-type": "^2.4.0",
        "mpg123-decoder": "^1.0.3",
        "node-wav": "^0.0.2",
        "ogg-opus-decoder": "^1.7.3",
        "qoa-format": "^1.0.1"
      }
    },
    "node_modules/audio-lena": {
      "version": "3.0.0",
      "resolved": "https://registry.npmjs.org/audio-lena/-/audio-lena-3.0.0.tgz",
      "integrity": "sha512-rRXVO5Yx5u4Aeg30mRdVNTYINXaUmOOYssFHnpA6uZkwm9PC7MDhRIycdAdze3c96cNtZCOqcezuaAa46Sg61A==",
      "dev": true,
      "license": "MIT"
    },
    "node_modules/audio-type": {
      "version": "2.4.0",
      "resolved": "https://registry.npmjs.org/audio-type/-/audio-type-2.4.0.tgz",
      "integrity": "sha512-ugYMgxLpH6gyWUhFWFl2HCJboFL5z/GoqSdonx8ZycfNP8JDHBhRNzYWzrCRa/6htOWfvJAq7qpRloxvx06sRA==",
      "dev": true,
      "license": "MIT",
      "engines": {
        "node": ">=14"
      }
    },
    "node_modules/codec-parser": {
      "version": "2.5.0",
      "resolved": "https://registry.npmjs.org/codec-parser/-/codec-parser-2.5.0.tgz",
      "integrity": "sha512-Ru9t80fV8B0ZiixQl8xhMTLru+dzuis/KQld32/x5T/+3LwZb0/YvQdSKytX9JqCnRdiupvAvyYJINKrXieziQ==",
      "dev": true,
      "license": "LGPL-3.0-or-later"
    },
    "node_modules/esbuild": {
      "version": "0.28.0",
      "resolved": "https://registry.npmjs.org/esbuild/-/esbuild-0.28.0.tgz",
      "integrity": "sha512-sNR9MHpXSUV/XB4zmsFKN+QgVG82Cc7+/aaxJ8Adi8hyOac+EXptIp45QBPaVyX3N70664wRbTcLTOemCAnyqw==",
      "dev": true,
      "hasInstallScript": true,
      "license": "MIT",
      "bin": {
        "esbuild": "bin/esbuild"
      },
      "engines": {
        "node": ">=18"
      },
      "optionalDependencies": {
        "@esbuild/aix-ppc64": "0.28.0",
        "@esbuild/android-arm": "0.28.0",
        "@esbuild/android-arm64": "0.28.0",
        "@esbuild/android-x64": "0.28.0",
        "@esbuild/darwin-arm64": "0.28.0",
        "@esbuild/darwin-x64": "0.28.0",
        "@esbuild/freebsd-arm64": "0.28.0",
        "@esbuild/freebsd-x64": "0.28.0",
        "@esbuild/linux-arm": "0.28.0",
        "@esbuild/linux-arm64": "0.28.0",
        "@esbuild/linux-ia32": "0.28.0",
        "@esbuild/linux-loong64": "0.28.0",
        "@esbuild/linux-mips64el": "0.28.0",
        "@esbuild/linux-ppc64": "0.28.0",
        "@esbuild/linux-riscv64": "0.28.0",
        "@esbuild/linux-s390x": "0.28.0",
        "@esbuild/linux-x64": "0.28.0",
        "@esbuild/netbsd-arm64": "0.28.0",
        "@esbuild/netbsd-x64": "0.28.0",
        "@esbuild/openbsd-arm64": "0.28.0",
        "@esbuild/openbsd-x64": "0.28.0",
        "@esbuild/openharmony-arm64": "0.28.0",
        "@esbuild/sunos-x64": "0.28.0",
        "@esbuild/win32-arm64": "0.28.0",
        "@esbuild/win32-ia32": "0.28.0",
        "@esbuild/win32-x64": "0.28.0"
      }
    },
    "node_modules/libflacjs": {
      "version": "5.4.0",
      "resolved": "https://registry.npmjs.org/libflacjs/-/libflacjs-5.4.0.tgz",
      "integrity": "sha512-O/MRbhnRiEXAT4K5q3YWUnyEhg7EJ7+2LNyRmOdxApWLdowi9QVGQqKGYHQg6Wx5l4qp6V7f62Utb1z/ESWqPw==",
      "license": "MIT",
      "bin": {
        "index.d.ts": "dist/index.d.ts",
        "libflac.d.ts": "dist/libflac.d.ts",
        "libflac.dev.d.ts": "dist/libflac.dev.d.ts",
        "libflac.dev.js": "dist/libflac.dev.js",
        "libflac.dev.js.symbols": "dist/libflac.dev.js.symbols",
        "libflac.dev.wasm.d.ts": "dist/libflac.dev.wasm.d.ts",
        "libflac.dev.wasm.js": "dist/libflac.dev.wasm.js",
        "libflac.dev.wasm.js.symbols": "dist/libflac.dev.wasm.js.symbols",
        "libflac.dev.wasm.wasm": "dist/libflac.dev.wasm.wasm",
        "libflac.dev.wasm.wasm.map": "dist/libflac.dev.wasm.wasm.map",
        "libflac.js": "dist/libflac.js",
        "libflac.js.symbols": "dist/libflac.js.symbols",
        "libflac.min.d.ts": "dist/libflac.min.d.ts",
        "libflac.min.js": "dist/libflac.min.js",
        "libflac.min.js.mem": "dist/libflac.min.js.mem",
        "libflac.min.js.symbols": "dist/libflac.min.js.symbols",
        "libflac.min.wasm.d.ts": "dist/libflac.min.wasm.d.ts",
        "libflac.min.wasm.js": "dist/libflac.min.wasm.js",
        "libflac.min.wasm.js.symbols": "dist/libflac.min.wasm.js.symbols",
        "libflac.min.wasm.wasm": "dist/libflac.min.wasm.wasm",
        "libflac.wasm.d.ts": "dist/libflac.wasm.d.ts",
        "libflac.wasm.js": "dist/libflac.wasm.js",
        "libflac.wasm.js.symbols": "dist/libflac.wasm.js.symbols",
        "libflac.wasm.wasm": "dist/libflac.wasm.wasm"
      }
    },
    "node_modules/mpg123-decoder": {
      "version": "1.0.3",
      "resolved": "https://registry.npmjs.org/mpg123-decoder/-/mpg123-decoder-1.0.3.tgz",
      "integrity": "sha512-+fjxnWigodWJm3+4pndi+KUg9TBojgn31DPk85zEsim7C6s0X5Ztc/hQYdytXkwuGXH+aB0/aEkG40Emukv6oQ==",
      "dev": true,
      "license": "MIT",
      "dependencies": {
        "@wasm-audio-decoders/common": "9.0.7"
      },
      "funding": {
        "type": "individual",
        "url": "https://github.com/sponsors/eshaz"
      }
    },
    "node_modules/node-wav": {
      "version": "0.0.2",
      "resolved": "https://registry.npmjs.org/node-wav/-/node-wav-0.0.2.tgz",
      "integrity": "sha512-M6Rm/bbG6De/gKGxOpeOobx/dnGuP0dz40adqx38boqHhlWssBJZgLCPBNtb9NkrmnKYiV04xELq+R6PFOnoLA==",
      "dev": true,
      "license": "MIT",
      "engines": {
        "node": ">=4.4.0"
      }
    },
    "node_modules/ogg-opus-decoder": {
      "version": "1.7.3",
      "resolved": "https://registry.npmjs.org/ogg-opus-decoder/-/ogg-opus-decoder-1.7.3.tgz",
      "integrity": "sha512-w47tiZpkLgdkpa+34VzYD8mHUj8I9kfWVZa82mBbNwDvB1byfLXSSzW/HxA4fI3e9kVlICSpXGFwMLV1LPdjwg==",
      "dev": true,
      "license": "MIT",
      "dependencies": {
        "@wasm-audio-decoders/common": "9.0.7",
        "@wasm-audio-decoders/opus-ml": "0.0.2",
        "codec-parser": "2.5.0",
        "opus-decoder": "0.7.11"
      },
      "funding": {
        "type": "individual",
        "url": "https://github.com/sponsors/eshaz"
      }
    },
    "node_modules/opus-decoder": {
      "version": "0.7.11",
      "resolved": "https://registry.npmjs.org/opus-decoder/-/opus-decoder-0.7.11.tgz",
      "integrity": "sha512-+e+Jz3vGQLxRTBHs8YJQPRPc1Tr+/aC6coV/DlZylriA29BdHQAYXhvNRKtjftof17OFng0+P4wsFIqQu3a48A==",
      "dev": true,
      "license": "MIT",
      "dependencies": {
        "@wasm-audio-decoders/common": "9.0.7"
      },
      "funding": {
        "type": "individual",
        "url": "https://github.com/sponsors/eshaz"
      }
    },
    "node_modules/opusscript": {
      "version": "0.1.1",
      "resolved": "https://registry.npmjs.org/opusscript/-/opusscript-0.1.1.tgz",
      "integrity": "sha512-mL0fZZOUnXdZ78woRXp18lApwpp0lF5tozJOD1Wut0dgrA9WuQTgSels/CSmFleaAZrJi/nci5KOVtbuxeWoQA==",
      "license": "MIT"
    },
    "node_modules/qoa-format": {
      "version": "1.0.1",
      "resolved": "https://registry.npmjs.org/qoa-format/-/qoa-format-1.0.1.tgz",
      "integrity": "sha512-dMB0Z6XQjdpz/Cw4Rf6RiBpQvUSPCfYlQMWvmuWlWkAT7nDQD29cVZ1SwDUB6DYJSitHENwbt90lqfI+7bvMcw==",
      "license": "MIT",
      "dependencies": {
        "@thi.ng/bitstream": "^2.2.12"
      }
    },
    "node_modules/simple-yenc": {
      "version": "1.0.4",
      "resolved": "https://registry.npmjs.org/simple-yenc/-/simple-yenc-1.0.4.tgz",
      "integrity": "sha512-5gvxpSd79e9a3V4QDYUqnqxeD4HGlhCakVpb6gMnDD7lexJggSBJRBO5h52y/iJrdXRilX9UCuDaIJhSWm5OWw==",
      "dev": true,
      "license": "MIT",
      "funding": {
        "type": "individual",
        "url": "https://github.com/sponsors/eshaz"
      }
    },
    "node_modules/tslib": {
      "version": "2.8.1",
      "resolved": "https://registry.npmjs.org/tslib/-/tslib-2.8.1.tgz",
      "integrity": "sha512-oJFu94HQb+KVduSUQL7wnpmqnfmLsOA/nAh6b6EH0wCEoK0/mPeXU6c3wKDV83MkOuHPRHtSXKKU99IBazS/2w==",
      "license": "0BSD"
    },
    "node_modules/tst": {
      "version": "9.3.0",
      "resolved": "https://registry.npmjs.org/tst/-/tst-9.3.0.tgz",
      "integrity": "sha512-bDTkcUnN1voxF0gh3vYOgX+4TMfi4iO7tste19ciYrmO+1eRZAT6IkVNiT1u8kkbyrF1+ojh1cwZOA2W/eljrQ==",
      "dev": true,
      "license": "MIT"
    },
    "node_modules/wasm-media-encoders": {
      "version": "0.7.0",
      "resolved": "https://registry.npmjs.org/wasm-media-encoders/-/wasm-media-encoders-0.7.0.tgz",
      "integrity": "sha512-Sp4wUasgxOK/IFfNhpon6LQQgYGwtpxyV4isjGIe1rvhnJL3w2KYr4f+CdqDNtGPDcgCDRY+uBanVfSx6Si0WQ==",
      "license": "MIT",
      "dependencies": {
        "@swc/helpers": "^0.5.10"
      },
      "engines": {
        "node": ">= 10"
      }
    },
    "packages/aiff-encode": {
      "name": "@audio/aiff-encode",
      "version": "1.0.0",
      "extraneous": true,
      "license": "MIT",
      "engines": {
        "node": ">=16"
      }
    },
    "packages/encode-aac": {
      "name": "@audio/encode-aac",
      "version": "1.0.0",
      "license": "MIT",
      "engines": {
        "node": ">=18"
      }
    },
    "packages/encode-aiff": {
      "name": "@audio/encode-aiff",
      "version": "1.1.1",
      "license": "MIT",
      "engines": {
        "node": ">=16"
      }
    },
    "packages/encode-caf": {
      "name": "@audio/encode-caf",
      "version": "1.0.0",
      "license": "MIT",
      "engines": {
        "node": ">=16"
      }
    },
    "packages/encode-flac": {
      "name": "@audio/encode-flac",
      "version": "1.1.2",
      "license": "MIT",
      "dependencies": {
        "libflacjs": "^5.4.0"
      },
      "engines": {
        "node": ">=16"
      }
    },
    "packages/encode-mp3": {
      "name": "@audio/encode-mp3",
      "version": "1.1.2",
      "license": "MIT",
      "dependencies": {
        "wasm-media-encoders": "^0.7.0"
      },
      "engines": {
        "node": ">=16"
      }
    },
    "packages/encode-ogg": {
      "name": "@audio/encode-ogg",
      "version": "1.1.1",
      "license": "MIT",
      "dependencies": {
        "wasm-media-encoders": "^0.7.0"
      },
      "engines": {
        "node": ">=16"
      }
    },
    "packages/encode-opus": {
      "name": "@audio/encode-opus",
      "version": "1.1.1",
      "license": "MIT",
      "dependencies": {
        "opusscript": "^0.1.1"
      },
      "engines": {
        "node": ">=16"
      }
    },
    "packages/encode-qoa": {
      "name": "@audio/encode-qoa",
      "version": "1.0.0",
      "license": "MIT",
      "dependencies": {
        "qoa-format": "^1.0.1"
      },
      "engines": {
        "node": ">=16"
      }
    },
    "packages/encode-wav": {
      "name": "@audio/encode-wav",
      "version": "1.2.1",
      "license": "MIT",
      "engines": {
        "node": ">=16"
      }
    },
    "packages/encode-webm": {
      "name": "@audio/encode-webm",
      "version": "1.0.0",
      "license": "MIT",
      "dependencies": {
        "opusscript": "^0.1.1"
      },
      "engines": {
        "node": ">=16"
      }
    },
    "packages/flac-encode": {
      "name": "@audio/flac-encode",
      "version": "1.0.0",
      "extraneous": true,
      "license": "MIT",
      "dependencies": {
        "libflacjs": "^5.4.0"
      },
      "engines": {
        "node": ">=16"
      }
    },
    "packages/mp3-encode": {
      "name": "@audio/mp3-encode",
      "version": "1.0.0",
      "extraneous": true,
      "license": "MIT",
      "dependencies": {
        "wasm-media-encoders": "^0.7.0"
      },
      "engines": {
        "node": ">=16"
      }
    },
    "packages/ogg-encode": {
      "name": "@audio/ogg-encode",
      "version": "1.0.0",
      "extraneous": true,
      "license": "MIT",
      "dependencies": {
        "wasm-media-encoders": "^0.7.0"
      },
      "engines": {
        "node": ">=16"
      }
    },
    "packages/opus-encode": {
      "name": "@audio/opus-encode",
      "version": "1.0.0",
      "extraneous": true,
      "license": "MIT",
      "dependencies": {
        "opusscript": "^0.1.1"
      },
      "engines": {
        "node": ">=16"
      }
    },
    "packages/wav-encode": {
      "name": "@audio/wav-encode",
      "version": "1.0.0",
      "extraneous": true,
      "license": "MIT",
      "engines": {
        "node": ">=16"
      }
    }
  }
}
